
Microsoft Visual Studio Solution File, Format Version 12.00
# Visual Studio 14
VisualStudioVersion = 14.0.24720.0
MinimumVisualStudioVersion = 10.0.40219.1
Project("{2150E333-8FDC-42A3-9474-1A3956D46DE8}") = "Model", "Model", "{E933AFC2-0682-4E1D-8CD4-CC0175E3E6DD}"
EndProject
Project("{F088123C-0E9E-452A-89E6-6BA2F21D5CAC}") = "ITU.Ckan.DataVisualization.MetaMetaModel", "ITU.Ckan.DataVisualization.MetaMetaModel\ITU.Ckan.DataVisualization.MetaMetaModel.modelproj", "{5A8D3C3B-952C-4173-9F69-F73CEC44BCBD}"
EndProject
Project("{FAE04EC0-301F-11D3-BF4B-00C04F79EFBC}") = "ITU.Ckan.DataVisualization.MetaMetaModelLib", "ITU.Ckan.DataVisualization.MetaMetaModelLib\ITU.Ckan.DataVisualization.MetaMetaModelLib.csproj", "{563B3CB5-6470-4D92-AB91-BE2D826614A8}"
EndProject
Project("{FAE04EC0-301F-11D3-BF4B-00C04F79EFBC}") = "ITU.Ckan.DataVisualization.InternalDsl", "ITU.Ckan.DataVisualization.InternalDsl\ITU.Ckan.DataVisualization.InternalDsl.csproj", "{9DAAC619-ED06-4DA7-8204-06CB9E202CB2}"
EndProject
Project("{2150E333-8FDC-42A3-9474-1A3956D46DE8}") = "Test", "Test", "{DB3F2543-1B29-42AC-8FEA-8840C4D29143}"
EndProject
Project("{2150E333-8FDC-42A3-9474-1A3956D46DE8}") = "Business", "Business", "{4AAF3F05-9ACA-4870-8076-59521537958F}"
EndProject
Project("{2150E333-8FDC-42A3-9474-1A3956D46DE8}") = "Client", "Client", "{F2D77AF5-575B-4EEA-970C-04BEF2BC0634}"
EndProject
Project("{2150E333-8FDC-42A3-9474-1A3956D46DE8}") = "Cloud", "Cloud", "{4BD8EEEC-A7CC-453B-83B0-CA411C3C7C0D}"
EndProject
Project("{FAE04EC0-301F-11D3-BF4B-00C04F79EFBC}") = "ITU.Ckan.DataVisualization.MetaMetaModelTest", "ITU.Ckan.DataVisualization.MetaMetaModelTest\ITU.Ckan.DataVisualization.MetaMetaModelTest.csproj", "{3D173152-DBA5-4D3B-AE96-70FF2C6BB8B8}"
EndProject
Project("{FAE04EC0-301F-11D3-BF4B-00C04F79EFBC}") = "ITU.Ckan.DataVisualization.Web", "ITU.Ckan.DataVisualization.Web\ITU.Ckan.DataVisualization.Web.csproj", "{0CF266F7-75A4-4197-B00C-6F1B50BAB89E}"
EndProject
Project("{CC5FD16D-436D-48AD-A40C-5A424C6E3E79}") = "ITU.Ckan.DataVisualization.CloudService", "ITU.Ckan.DataVisualization.CloudService\ITU.Ckan.DataVisualization.CloudService.ccproj", "{F0FDE839-B89C-4242-A4BF-F6EBE1362571}"
EndProject
Project("{FAE04EC0-301F-11D3-BF4B-00C04F79EFBC}") = "ITU.Ckan.DataVisualization.CloudApi", "ITU.Ckan.DataVisualization.CloudApi\ITU.Ckan.DataVisualization.CloudApi.csproj", "{469F4EEA-B25C-498C-834F-23A0DD263695}"
EndProject
Global
	GlobalSection(SolutionConfigurationPlatforms) = preSolution
		Debug|Any CPU = Debug|Any CPU
		Release|Any CPU = Release|Any CPU
	EndGlobalSection
	GlobalSection(ProjectConfigurationPlatforms) = postSolution
		{5A8D3C3B-952C-4173-9F69-F73CEC44BCBD}.Debug|Any CPU.ActiveCfg = Debug|Any CPU
		{5A8D3C3B-952C-4173-9F69-F73CEC44BCBD}.Debug|Any CPU.Build.0 = Debug|Any CPU
		{5A8D3C3B-952C-4173-9F69-F73CEC44BCBD}.Release|Any CPU.ActiveCfg = Release|Any CPU
		{5A8D3C3B-952C-4173-9F69-F73CEC44BCBD}.Release|Any CPU.Build.0 = Release|Any CPU
		{563B3CB5-6470-4D92-AB91-BE2D826614A8}.Debug|Any CPU.ActiveCfg = Debug|Any CPU
		{563B3CB5-6470-4D92-AB91-BE2D826614A8}.Debug|Any CPU.Build.0 = Debug|Any CPU
		{563B3CB5-6470-4D92-AB91-BE2D826614A8}.Release|Any CPU.ActiveCfg = Release|Any CPU
		{563B3CB5-6470-4D92-AB91-BE2D826614A8}.Release|Any CPU.Build.0 = Release|Any CPU
		{9DAAC619-ED06-4DA7-8204-06CB9E202CB2}.Debug|Any CPU.ActiveCfg = Debug|Any CPU
		{9DAAC619-ED06-4DA7-8204-06CB9E202CB2}.Debug|Any CPU.Build.0 = Debug|Any CPU
		{9DAAC619-ED06-4DA7-8204-06CB9E202CB2}.Release|Any CPU.ActiveCfg = Release|Any CPU
		{9DAAC619-ED06-4DA7-8204-06CB9E202CB2}.Release|Any CPU.Build.0 = Release|Any CPU
		{3D173152-DBA5-4D3B-AE96-70FF2C6BB8B8}.Debug|Any CPU.ActiveCfg = Debug|Any CPU
		{3D173152-DBA5-4D3B-AE96-70FF2C6BB8B8}.Debug|Any CPU.Build.0 = Debug|Any CPU
		{3D173152-DBA5-4D3B-AE96-70FF2C6BB8B8}.Release|Any CPU.ActiveCfg = Release|Any CPU
		{3D173152-DBA5-4D3B-AE96-70FF2C6BB8B8}.Release|Any CPU.Build.0 = Release|Any CPU
		{0CF266F7-75A4-4197-B00C-6F1B50BAB89E}.Debug|Any CPU.ActiveCfg = Debug|Any CPU
		{0CF266F7-75A4-4197-B00C-6F1B50BAB89E}.Debug|Any CPU.Build.0 = Debug|Any CPU
		{0CF266F7-75A4-4197-B00C-6F1B50BAB89E}.Release|Any CPU.ActiveCfg = Release|Any CPU
		{0CF266F7-75A4-4197-B00C-6F1B50BAB89E}.Release|Any CPU.Build.0 = Release|Any CPU
		{F0FDE839-B89C-4242-A4BF-F6EBE1362571}.Debug|Any CPU.ActiveCfg = Debug|Any CPU
		{F0FDE839-B89C-4242-A4BF-F6EBE1362571}.Debug|Any CPU.Build.0 = Debug|Any CPU
		{F0FDE839-B89C-4242-A4BF-F6EBE1362571}.Release|Any CPU.ActiveCfg = Release|Any CPU
		{F0FDE839-B89C-4242-A4BF-F6EBE1362571}.Release|Any CPU.Build.0 = Release|Any CPU
		{469F4EEA-B25C-498C-834F-23A0DD263695}.Debug|Any CPU.ActiveCfg = Debug|Any CPU
		{469F4EEA-B25C-498C-834F-23A0DD263695}.Debug|Any CPU.Build.0 = Debug|Any CPU
		{469F4EEA-B25C-498C-834F-23A0DD263695}.Release|Any CPU.ActiveCfg = Release|Any CPU
		{469F4EEA-B25C-498C-834F-23A0DD263695}.Release|Any CPU.Build.0 = Release|Any CPU
	EndGlobalSection
	GlobalSection(SolutionProperties) = preSolution
		HideSolutionNode = FALSE
	EndGlobalSection
	GlobalSection(NestedProjects) = preSolution
		{5A8D3C3B-952C-4173-9F69-F73CEC44BCBD} = {E933AFC2-0682-4E1D-8CD4-CC0175E3E6DD}
		{563B3CB5-6470-4D92-AB91-BE2D826614A8} = {E933AFC2-0682-4E1D-8CD4-CC0175E3E6DD}
		{9DAAC619-ED06-4DA7-8204-06CB9E202CB2} = {E933AFC2-0682-4E1D-8CD4-CC0175E3E6DD}
		{3D173152-DBA5-4D3B-AE96-70FF2C6BB8B8} = {DB3F2543-1B29-42AC-8FEA-8840C4D29143}
		{0CF266F7-75A4-4197-B00C-6F1B50BAB89E} = {F2D77AF5-575B-4EEA-970C-04BEF2BC0634}
		{F0FDE839-B89C-4242-A4BF-F6EBE1362571} = {4BD8EEEC-A7CC-453B-83B0-CA411C3C7C0D}
		{469F4EEA-B25C-498C-834F-23A0DD263695} = {4BD8EEEC-A7CC-453B-83B0-CA411C3C7C0D}
	EndGlobalSection
EndGlobal
